
Microsoft Visual Studio Solution File, Format Version 12.00
# Visual Studio Version 16
VisualStudioVersion = 16.0.31729.503
MinimumVisualStudioVersion = 10.0.40219.1
Project("{8BC9CEB8-8B4A-11D0-8D11-00A0C91BC942}") = "Laboration_1.2", "Laboration_1.2.vcxproj", "{49CE62CF-9C5B-46C7-8BB9-B22E0FA77BE6}"
EndProject
Global
	GlobalSection(SolutionConfigurationPlatforms) = preSolution
		Debug|x64 = Debug|x64
		Debug|x86 = Debug|x86
		Release|x64 = Release|x64
		Release|x86 = Release|x86
	EndGlobalSection
	GlobalSection(ProjectConfigurationPlatforms) = postSolution
		{49CE62CF-9C5B-46C7-8BB9-B22E0FA77BE6}.Debug|x64.ActiveCfg = Debug|x64
		{49CE62CF-9C5B-46C7-8BB9-B22E0FA77BE6}.Debug|x64.Build.0 = Debug|x64
		{49CE62CF-9C5B-46C7-8BB9-B22E0FA77BE6}.Debug|x86.ActiveCfg = Debug|Win32
		{49CE62CF-9C5B-46C7-8BB9-B22E0FA77BE6}.Debug|x86.Build.0 = Debug|Win32
		{49CE62CF-9C5B-46C7-8BB9-B22E0FA77BE6}.Release|x64.ActiveCfg = Release|x64
		{49CE62CF-9C5B-46C7-8BB9-B22E0FA77BE6}.Release|x64.Build.0 = Release|x64
		{49CE62CF-9C5B-46C7-8BB9-B22E0FA77BE6}.Release|x86.ActiveCfg = Release|Win32
		{49CE62CF-9C5B-46C7-8BB9-B22E0FA77BE6}.Release|x86.Build.0 = Release|Win32
	EndGlobalSection
	GlobalSection(SolutionProperties) = preSolution
		HideSolutionNode = FALSE
	EndGlobalSection
	GlobalSection(ExtensibilityGlobals) = postSolution
		SolutionGuid = {195C5654-CAC7-45E6-B123-56BC4249D21A}
	EndGlobalSection
EndGlobal
